
Microsoft Visual Studio Solution File, Format Version 11.00
# Visual Studio 2010
Project("{FAE04EC0-301F-11D3-BF4B-00C04F79EFBC}") = "Lab6-Ex2", "Lab6-Ex2\Lab6-Ex2.csproj", "{7806F536-AD48-4C50-9003-D3D8B4F6B71A}"
EndProject
Global
	GlobalSection(SolutionConfigurationPlatforms) = preSolution
		Debug|x86 = Debug|x86
		Release|x86 = Release|x86
	EndGlobalSection
	GlobalSection(ProjectConfigurationPlatforms) = postSolution
		{7806F536-AD48-4C50-9003-D3D8B4F6B71A}.Debug|x86.ActiveCfg = Debug|x86
		{7806F536-AD48-4C50-9003-D3D8B4F6B71A}.Debug|x86.Build.0 = Debug|x86
		{7806F536-AD48-4C50-9003-D3D8B4F6B71A}.Release|x86.ActiveCfg = Release|x86
		{7806F536-AD48-4C50-9003-D3D8B4F6B71A}.Release|x86.Build.0 = Release|x86
	EndGlobalSection
	GlobalSection(SolutionProperties) = preSolution
		HideSolutionNode = FALSE
	EndGlobalSection
EndGlobal
