
Microsoft Visual Studio Solution File, Format Version 11.00
# Visual Studio 2010
Project("{FAE04EC0-301F-11D3-BF4B-00C04F79EFBC}") = "Lab1-Ex1", "Lab1-Ex1\Lab1-Ex1.csproj", "{FD8C63CF-1E1C-4F4D-B1CF-9E05AC0ABC93}"
EndProject
Global
	GlobalSection(SolutionConfigurationPlatforms) = preSolution
		Debug|x86 = Debug|x86
		Release|x86 = Release|x86
	EndGlobalSection
	GlobalSection(ProjectConfigurationPlatforms) = postSolution
		{FD8C63CF-1E1C-4F4D-B1CF-9E05AC0ABC93}.Debug|x86.ActiveCfg = Debug|x86
		{FD8C63CF-1E1C-4F4D-B1CF-9E05AC0ABC93}.Debug|x86.Build.0 = Debug|x86
		{FD8C63CF-1E1C-4F4D-B1CF-9E05AC0ABC93}.Release|x86.ActiveCfg = Release|x86
		{FD8C63CF-1E1C-4F4D-B1CF-9E05AC0ABC93}.Release|x86.Build.0 = Release|x86
	EndGlobalSection
	GlobalSection(SolutionProperties) = preSolution
		HideSolutionNode = FALSE
	EndGlobalSection
EndGlobal
